
Microsoft Visual Studio Solution File, Format Version 12.00
# Visual Studio 15
VisualStudioVersion = 15.0.26020.0
MinimumVisualStudioVersion = 10.0.40219.1
Project("{2150E333-8FDC-42A3-9474-1A3956D46DE8}") = "DotNetCore", "DotNetCore", "{F7229BCE-9194-4331-B20A-921F1E2F2AB2}"
EndProject
Project("{2150E333-8FDC-42A3-9474-1A3956D46DE8}") = "General", "General", "{C5BC343A-57C7-4152-976A-159B1FD97FF8}"
EndProject
Project("{2150E333-8FDC-42A3-9474-1A3956D46DE8}") = "CoreInClassic", "CoreInClassic", "{3B55983F-66D2-422B-AEEF-89F4E29DD395}"
EndProject
Project("{FAE04EC0-301F-11D3-BF4B-00C04F79EFBC}") = "CoreLib", "DotNetCore\CoreInClassic\CoreLib\CoreLib.csproj", "{E5D04C17-A6C2-4A57-9324-00C58A1437E9}"
EndProject
Project("{FAE04EC0-301F-11D3-BF4B-00C04F79EFBC}") = "ClassicConsole", "DotNetCore\CoreInClassic\ClassicConsole\ClassicConsole.csproj", "{5F26DB46-1B7D-4378-940B-914419AFD902}"
EndProject
Project("{FAE04EC0-301F-11D3-BF4B-00C04F79EFBC}") = "UWP.Client", "DotNetCore\General\UWP.Client\UWP.Client.csproj", "{11D37761-69FB-4B54-8111-F920A343C12B}"
EndProject
Project("{9A19103F-16F7-4668-BE54-9A1E7A4F7556}") = "WCF.Contracts", "DotNetCore\General\WCF.Contracts\WCF.Contracts.csproj", "{1A580E32-DFB1-4688-8E45-0944A12CFD16}"
EndProject
Project("{9A19103F-16F7-4668-BE54-9A1E7A4F7556}") = "WCF.Data", "DotNetCore\General\WCF.Data\WCF.Data.csproj", "{7B726D77-B6A7-4915-BDD2-9B02E2B5772B}"
EndProject
Project("{FAE04EC0-301F-11D3-BF4B-00C04F79EFBC}") = "WCF.Server", "DotNetCore\General\WCF.Server\WCF.Server.csproj", "{49882D7A-3B10-49E9-9CA1-92863977C345}"
EndProject
Project("{9A19103F-16F7-4668-BE54-9A1E7A4F7556}") = "WCF.Services", "DotNetCore\General\WCF.Services\WCF.Services.csproj", "{C85AAB1F-4EC8-46A8-8180-5F48221C8F56}"
EndProject
Project("{2150E333-8FDC-42A3-9474-1A3956D46DE8}") = "SymbolSource", "SymbolSource", "{60022AEB-09B4-4B1A-9192-97F1C63BBBEB}"
EndProject
Project("{FAE04EC0-301F-11D3-BF4B-00C04F79EFBC}") = "TestPackage", "SymbolSource\TestPackage\TestPackage.csproj", "{079F8A6F-03EA-487C-9DCC-272CC63661A2}"
EndProject
Project("{FAE04EC0-301F-11D3-BF4B-00C04F79EFBC}") = "PackageConsumer", "SymbolSource\PackageConsumer\PackageConsumer.csproj", "{D8AAFCA1-6A82-4005-AB16-86333C08F3BD}"
EndProject
Global
	GlobalSection(SolutionConfigurationPlatforms) = preSolution
		Debug|Any CPU = Debug|Any CPU
		Debug|ARM = Debug|ARM
		Debug|x64 = Debug|x64
		Debug|x86 = Debug|x86
		Release|Any CPU = Release|Any CPU
		Release|ARM = Release|ARM
		Release|x64 = Release|x64
		Release|x86 = Release|x86
	EndGlobalSection
	GlobalSection(ProjectConfigurationPlatforms) = postSolution
		{E5D04C17-A6C2-4A57-9324-00C58A1437E9}.Debug|Any CPU.ActiveCfg = Debug|Any CPU
		{E5D04C17-A6C2-4A57-9324-00C58A1437E9}.Debug|Any CPU.Build.0 = Debug|Any CPU
		{E5D04C17-A6C2-4A57-9324-00C58A1437E9}.Debug|ARM.ActiveCfg = Debug|Any CPU
		{E5D04C17-A6C2-4A57-9324-00C58A1437E9}.Debug|ARM.Build.0 = Debug|Any CPU
		{E5D04C17-A6C2-4A57-9324-00C58A1437E9}.Debug|x64.ActiveCfg = Debug|x64
		{E5D04C17-A6C2-4A57-9324-00C58A1437E9}.Debug|x64.Build.0 = Debug|x64
		{E5D04C17-A6C2-4A57-9324-00C58A1437E9}.Debug|x86.ActiveCfg = Debug|x86
		{E5D04C17-A6C2-4A57-9324-00C58A1437E9}.Debug|x86.Build.0 = Debug|x86
		{E5D04C17-A6C2-4A57-9324-00C58A1437E9}.Release|Any CPU.ActiveCfg = Release|Any CPU
		{E5D04C17-A6C2-4A57-9324-00C58A1437E9}.Release|Any CPU.Build.0 = Release|Any CPU
		{E5D04C17-A6C2-4A57-9324-00C58A1437E9}.Release|ARM.ActiveCfg = Release|Any CPU
		{E5D04C17-A6C2-4A57-9324-00C58A1437E9}.Release|ARM.Build.0 = Release|Any CPU
		{E5D04C17-A6C2-4A57-9324-00C58A1437E9}.Release|x64.ActiveCfg = Release|x64
		{E5D04C17-A6C2-4A57-9324-00C58A1437E9}.Release|x64.Build.0 = Release|x64
		{E5D04C17-A6C2-4A57-9324-00C58A1437E9}.Release|x86.ActiveCfg = Release|x86
		{E5D04C17-A6C2-4A57-9324-00C58A1437E9}.Release|x86.Build.0 = Release|x86
		{5F26DB46-1B7D-4378-940B-914419AFD902}.Debug|Any CPU.ActiveCfg = Debug|Any CPU
		{5F26DB46-1B7D-4378-940B-914419AFD902}.Debug|Any CPU.Build.0 = Debug|Any CPU
		{5F26DB46-1B7D-4378-940B-914419AFD902}.Debug|ARM.ActiveCfg = Debug|Any CPU
		{5F26DB46-1B7D-4378-940B-914419AFD902}.Debug|ARM.Build.0 = Debug|Any CPU
		{5F26DB46-1B7D-4378-940B-914419AFD902}.Debug|x64.ActiveCfg = Debug|Any CPU
		{5F26DB46-1B7D-4378-940B-914419AFD902}.Debug|x64.Build.0 = Debug|Any CPU
		{5F26DB46-1B7D-4378-940B-914419AFD902}.Debug|x86.ActiveCfg = Debug|Any CPU
		{5F26DB46-1B7D-4378-940B-914419AFD902}.Debug|x86.Build.0 = Debug|Any CPU
		{5F26DB46-1B7D-4378-940B-914419AFD902}.Release|Any CPU.ActiveCfg = Release|Any CPU
		{5F26DB46-1B7D-4378-940B-914419AFD902}.Release|Any CPU.Build.0 = Release|Any CPU
		{5F26DB46-1B7D-4378-940B-914419AFD902}.Release|ARM.ActiveCfg = Release|Any CPU
		{5F26DB46-1B7D-4378-940B-914419AFD902}.Release|ARM.Build.0 = Release|Any CPU
		{5F26DB46-1B7D-4378-940B-914419AFD902}.Release|x64.ActiveCfg = Release|Any CPU
		{5F26DB46-1B7D-4378-940B-914419AFD902}.Release|x64.Build.0 = Release|Any CPU
		{5F26DB46-1B7D-4378-940B-914419AFD902}.Release|x86.ActiveCfg = Release|Any CPU
		{5F26DB46-1B7D-4378-940B-914419AFD902}.Release|x86.Build.0 = Release|Any CPU
		{11D37761-69FB-4B54-8111-F920A343C12B}.Debug|Any CPU.ActiveCfg = Debug|x86
		{11D37761-69FB-4B54-8111-F920A343C12B}.Debug|ARM.ActiveCfg = Debug|ARM
		{11D37761-69FB-4B54-8111-F920A343C12B}.Debug|ARM.Build.0 = Debug|ARM
		{11D37761-69FB-4B54-8111-F920A343C12B}.Debug|ARM.Deploy.0 = Debug|ARM
		{11D37761-69FB-4B54-8111-F920A343C12B}.Debug|x64.ActiveCfg = Debug|x64
		{11D37761-69FB-4B54-8111-F920A343C12B}.Debug|x64.Build.0 = Debug|x64
		{11D37761-69FB-4B54-8111-F920A343C12B}.Debug|x64.Deploy.0 = Debug|x64
		{11D37761-69FB-4B54-8111-F920A343C12B}.Debug|x86.ActiveCfg = Debug|x86
		{11D37761-69FB-4B54-8111-F920A343C12B}.Debug|x86.Build.0 = Debug|x86
		{11D37761-69FB-4B54-8111-F920A343C12B}.Debug|x86.Deploy.0 = Debug|x86
		{11D37761-69FB-4B54-8111-F920A343C12B}.Release|Any CPU.ActiveCfg = Release|x86
		{11D37761-69FB-4B54-8111-F920A343C12B}.Release|ARM.ActiveCfg = Release|ARM
		{11D37761-69FB-4B54-8111-F920A343C12B}.Release|ARM.Build.0 = Release|ARM
		{11D37761-69FB-4B54-8111-F920A343C12B}.Release|ARM.Deploy.0 = Release|ARM
		{11D37761-69FB-4B54-8111-F920A343C12B}.Release|x64.ActiveCfg = Release|x64
		{11D37761-69FB-4B54-8111-F920A343C12B}.Release|x64.Build.0 = Release|x64
		{11D37761-69FB-4B54-8111-F920A343C12B}.Release|x64.Deploy.0 = Release|x64
		{11D37761-69FB-4B54-8111-F920A343C12B}.Release|x86.ActiveCfg = Release|x86
		{11D37761-69FB-4B54-8111-F920A343C12B}.Release|x86.Build.0 = Release|x86
		{11D37761-69FB-4B54-8111-F920A343C12B}.Release|x86.Deploy.0 = Release|x86
		{1A580E32-DFB1-4688-8E45-0944A12CFD16}.Debug|Any CPU.ActiveCfg = Debug|Any CPU
		{1A580E32-DFB1-4688-8E45-0944A12CFD16}.Debug|Any CPU.Build.0 = Debug|Any CPU
		{1A580E32-DFB1-4688-8E45-0944A12CFD16}.Debug|ARM.ActiveCfg = Debug|Any CPU
		{1A580E32-DFB1-4688-8E45-0944A12CFD16}.Debug|ARM.Build.0 = Debug|Any CPU
		{1A580E32-DFB1-4688-8E45-0944A12CFD16}.Debug|x64.ActiveCfg = Debug|x64
		{1A580E32-DFB1-4688-8E45-0944A12CFD16}.Debug|x64.Build.0 = Debug|x64
		{1A580E32-DFB1-4688-8E45-0944A12CFD16}.Debug|x86.ActiveCfg = Debug|x86
		{1A580E32-DFB1-4688-8E45-0944A12CFD16}.Debug|x86.Build.0 = Debug|x86
		{1A580E32-DFB1-4688-8E45-0944A12CFD16}.Release|Any CPU.ActiveCfg = Release|Any CPU
		{1A580E32-DFB1-4688-8E45-0944A12CFD16}.Release|Any CPU.Build.0 = Release|Any CPU
		{1A580E32-DFB1-4688-8E45-0944A12CFD16}.Release|ARM.ActiveCfg = Release|Any CPU
		{1A580E32-DFB1-4688-8E45-0944A12CFD16}.Release|ARM.Build.0 = Release|Any CPU
		{1A580E32-DFB1-4688-8E45-0944A12CFD16}.Release|x64.ActiveCfg = Release|x64
		{1A580E32-DFB1-4688-8E45-0944A12CFD16}.Release|x64.Build.0 = Release|x64
		{1A580E32-DFB1-4688-8E45-0944A12CFD16}.Release|x86.ActiveCfg = Release|x86
		{1A580E32-DFB1-4688-8E45-0944A12CFD16}.Release|x86.Build.0 = Release|x86
		{7B726D77-B6A7-4915-BDD2-9B02E2B5772B}.Debug|Any CPU.ActiveCfg = Debug|Any CPU
		{7B726D77-B6A7-4915-BDD2-9B02E2B5772B}.Debug|Any CPU.Build.0 = Debug|Any CPU
		{7B726D77-B6A7-4915-BDD2-9B02E2B5772B}.Debug|ARM.ActiveCfg = Debug|Any CPU
		{7B726D77-B6A7-4915-BDD2-9B02E2B5772B}.Debug|ARM.Build.0 = Debug|Any CPU
		{7B726D77-B6A7-4915-BDD2-9B02E2B5772B}.Debug|x64.ActiveCfg = Debug|x64
		{7B726D77-B6A7-4915-BDD2-9B02E2B5772B}.Debug|x64.Build.0 = Debug|x64
		{7B726D77-B6A7-4915-BDD2-9B02E2B5772B}.Debug|x86.ActiveCfg = Debug|x86
		{7B726D77-B6A7-4915-BDD2-9B02E2B5772B}.Debug|x86.Build.0 = Debug|x86
		{7B726D77-B6A7-4915-BDD2-9B02E2B5772B}.Release|Any CPU.ActiveCfg = Release|Any CPU
		{7B726D77-B6A7-4915-BDD2-9B02E2B5772B}.Release|Any CPU.Build.0 = Release|Any CPU
		{7B726D77-B6A7-4915-BDD2-9B02E2B5772B}.Release|ARM.ActiveCfg = Release|Any CPU
		{7B726D77-B6A7-4915-BDD2-9B02E2B5772B}.Release|ARM.Build.0 = Release|Any CPU
		{7B726D77-B6A7-4915-BDD2-9B02E2B5772B}.Release|x64.ActiveCfg = Release|x64
		{7B726D77-B6A7-4915-BDD2-9B02E2B5772B}.Release|x64.Build.0 = Release|x64
		{7B726D77-B6A7-4915-BDD2-9B02E2B5772B}.Release|x86.ActiveCfg = Release|x86
		{7B726D77-B6A7-4915-BDD2-9B02E2B5772B}.Release|x86.Build.0 = Release|x86
		{49882D7A-3B10-49E9-9CA1-92863977C345}.Debug|Any CPU.ActiveCfg = Debug|Any CPU
		{49882D7A-3B10-49E9-9CA1-92863977C345}.Debug|Any CPU.Build.0 = Debug|Any CPU
		{49882D7A-3B10-49E9-9CA1-92863977C345}.Debug|ARM.ActiveCfg = Debug|Any CPU
		{49882D7A-3B10-49E9-9CA1-92863977C345}.Debug|ARM.Build.0 = Debug|Any CPU
		{49882D7A-3B10-49E9-9CA1-92863977C345}.Debug|x64.ActiveCfg = Debug|Any CPU
		{49882D7A-3B10-49E9-9CA1-92863977C345}.Debug|x64.Build.0 = Debug|Any CPU
		{49882D7A-3B10-49E9-9CA1-92863977C345}.Debug|x86.ActiveCfg = Debug|Any CPU
		{49882D7A-3B10-49E9-9CA1-92863977C345}.Debug|x86.Build.0 = Debug|Any CPU
		{49882D7A-3B10-49E9-9CA1-92863977C345}.Release|Any CPU.ActiveCfg = Release|Any CPU
		{49882D7A-3B10-49E9-9CA1-92863977C345}.Release|Any CPU.Build.0 = Release|Any CPU
		{49882D7A-3B10-49E9-9CA1-92863977C345}.Release|ARM.ActiveCfg = Release|Any CPU
		{49882D7A-3B10-49E9-9CA1-92863977C345}.Release|ARM.Build.0 = Release|Any CPU
		{49882D7A-3B10-49E9-9CA1-92863977C345}.Release|x64.ActiveCfg = Release|Any CPU
		{49882D7A-3B10-49E9-9CA1-92863977C345}.Release|x64.Build.0 = Release|Any CPU
		{49882D7A-3B10-49E9-9CA1-92863977C345}.Release|x86.ActiveCfg = Release|Any CPU
		{49882D7A-3B10-49E9-9CA1-92863977C345}.Release|x86.Build.0 = Release|Any CPU
		{C85AAB1F-4EC8-46A8-8180-5F48221C8F56}.Debug|Any CPU.ActiveCfg = Debug|Any CPU
		{C85AAB1F-4EC8-46A8-8180-5F48221C8F56}.Debug|Any CPU.Build.0 = Debug|Any CPU
		{C85AAB1F-4EC8-46A8-8180-5F48221C8F56}.Debug|ARM.ActiveCfg = Debug|Any CPU
		{C85AAB1F-4EC8-46A8-8180-5F48221C8F56}.Debug|ARM.Build.0 = Debug|Any CPU
		{C85AAB1F-4EC8-46A8-8180-5F48221C8F56}.Debug|x64.ActiveCfg = Debug|x64
		{C85AAB1F-4EC8-46A8-8180-5F48221C8F56}.Debug|x64.Build.0 = Debug|x64
		{C85AAB1F-4EC8-46A8-8180-5F48221C8F56}.Debug|x86.ActiveCfg = Debug|x86
		{C85AAB1F-4EC8-46A8-8180-5F48221C8F56}.Debug|x86.Build.0 = Debug|x86
		{C85AAB1F-4EC8-46A8-8180-5F48221C8F56}.Release|Any CPU.ActiveCfg = Release|Any CPU
		{C85AAB1F-4EC8-46A8-8180-5F48221C8F56}.Release|Any CPU.Build.0 = Release|Any CPU
		{C85AAB1F-4EC8-46A8-8180-5F48221C8F56}.Release|ARM.ActiveCfg = Release|Any CPU
		{C85AAB1F-4EC8-46A8-8180-5F48221C8F56}.Release|ARM.Build.0 = Release|Any CPU
		{C85AAB1F-4EC8-46A8-8180-5F48221C8F56}.Release|x64.ActiveCfg = Release|x64
		{C85AAB1F-4EC8-46A8-8180-5F48221C8F56}.Release|x64.Build.0 = Release|x64
		{C85AAB1F-4EC8-46A8-8180-5F48221C8F56}.Release|x86.ActiveCfg = Release|x86
		{C85AAB1F-4EC8-46A8-8180-5F48221C8F56}.Release|x86.Build.0 = Release|x86
		{079F8A6F-03EA-487C-9DCC-272CC63661A2}.Debug|Any CPU.ActiveCfg = Debug|Any CPU
		{079F8A6F-03EA-487C-9DCC-272CC63661A2}.Debug|Any CPU.Build.0 = Debug|Any CPU
		{079F8A6F-03EA-487C-9DCC-272CC63661A2}.Debug|ARM.ActiveCfg = Debug|Any CPU
		{079F8A6F-03EA-487C-9DCC-272CC63661A2}.Debug|ARM.Build.0 = Debug|Any CPU
		{079F8A6F-03EA-487C-9DCC-272CC63661A2}.Debug|x64.ActiveCfg = Debug|Any CPU
		{079F8A6F-03EA-487C-9DCC-272CC63661A2}.Debug|x64.Build.0 = Debug|Any CPU
		{079F8A6F-03EA-487C-9DCC-272CC63661A2}.Debug|x86.ActiveCfg = Debug|Any CPU
		{079F8A6F-03EA-487C-9DCC-272CC63661A2}.Debug|x86.Build.0 = Debug|Any CPU
		{079F8A6F-03EA-487C-9DCC-272CC63661A2}.Release|Any CPU.ActiveCfg = Release|Any CPU
		{079F8A6F-03EA-487C-9DCC-272CC63661A2}.Release|Any CPU.Build.0 = Release|Any CPU
		{079F8A6F-03EA-487C-9DCC-272CC63661A2}.Release|ARM.ActiveCfg = Release|Any CPU
		{079F8A6F-03EA-487C-9DCC-272CC63661A2}.Release|ARM.Build.0 = Release|Any CPU
		{079F8A6F-03EA-487C-9DCC-272CC63661A2}.Release|x64.ActiveCfg = Release|Any CPU
		{079F8A6F-03EA-487C-9DCC-272CC63661A2}.Release|x64.Build.0 = Release|Any CPU
		{079F8A6F-03EA-487C-9DCC-272CC63661A2}.Release|x86.ActiveCfg = Release|Any CPU
		{079F8A6F-03EA-487C-9DCC-272CC63661A2}.Release|x86.Build.0 = Release|Any CPU
		{D8AAFCA1-6A82-4005-AB16-86333C08F3BD}.Debug|Any CPU.ActiveCfg = Debug|Any CPU
		{D8AAFCA1-6A82-4005-AB16-86333C08F3BD}.Debug|Any CPU.Build.0 = Debug|Any CPU
		{D8AAFCA1-6A82-4005-AB16-86333C08F3BD}.Debug|ARM.ActiveCfg = Debug|Any CPU
		{D8AAFCA1-6A82-4005-AB16-86333C08F3BD}.Debug|ARM.Build.0 = Debug|Any CPU
		{D8AAFCA1-6A82-4005-AB16-86333C08F3BD}.Debug|x64.ActiveCfg = Debug|Any CPU
		{D8AAFCA1-6A82-4005-AB16-86333C08F3BD}.Debug|x64.Build.0 = Debug|Any CPU
		{D8AAFCA1-6A82-4005-AB16-86333C08F3BD}.Debug|x86.ActiveCfg = Debug|Any CPU
		{D8AAFCA1-6A82-4005-AB16-86333C08F3BD}.Debug|x86.Build.0 = Debug|Any CPU
		{D8AAFCA1-6A82-4005-AB16-86333C08F3BD}.Release|Any CPU.ActiveCfg = Release|Any CPU
		{D8AAFCA1-6A82-4005-AB16-86333C08F3BD}.Release|Any CPU.Build.0 = Release|Any CPU
		{D8AAFCA1-6A82-4005-AB16-86333C08F3BD}.Release|ARM.ActiveCfg = Release|Any CPU
		{D8AAFCA1-6A82-4005-AB16-86333C08F3BD}.Release|ARM.Build.0 = Release|Any CPU
		{D8AAFCA1-6A82-4005-AB16-86333C08F3BD}.Release|x64.ActiveCfg = Release|Any CPU
		{D8AAFCA1-6A82-4005-AB16-86333C08F3BD}.Release|x64.Build.0 = Release|Any CPU
		{D8AAFCA1-6A82-4005-AB16-86333C08F3BD}.Release|x86.ActiveCfg = Release|Any CPU
		{D8AAFCA1-6A82-4005-AB16-86333C08F3BD}.Release|x86.Build.0 = Release|Any CPU
	EndGlobalSection
	GlobalSection(SolutionProperties) = preSolution
		HideSolutionNode = FALSE
	EndGlobalSection
	GlobalSection(NestedProjects) = preSolution
		{C5BC343A-57C7-4152-976A-159B1FD97FF8} = {F7229BCE-9194-4331-B20A-921F1E2F2AB2}
		{3B55983F-66D2-422B-AEEF-89F4E29DD395} = {F7229BCE-9194-4331-B20A-921F1E2F2AB2}
		{E5D04C17-A6C2-4A57-9324-00C58A1437E9} = {3B55983F-66D2-422B-AEEF-89F4E29DD395}
		{5F26DB46-1B7D-4378-940B-914419AFD902} = {3B55983F-66D2-422B-AEEF-89F4E29DD395}
		{11D37761-69FB-4B54-8111-F920A343C12B} = {C5BC343A-57C7-4152-976A-159B1FD97FF8}
		{1A580E32-DFB1-4688-8E45-0944A12CFD16} = {C5BC343A-57C7-4152-976A-159B1FD97FF8}
		{7B726D77-B6A7-4915-BDD2-9B02E2B5772B} = {C5BC343A-57C7-4152-976A-159B1FD97FF8}
		{49882D7A-3B10-49E9-9CA1-92863977C345} = {C5BC343A-57C7-4152-976A-159B1FD97FF8}
		{C85AAB1F-4EC8-46A8-8180-5F48221C8F56} = {C5BC343A-57C7-4152-976A-159B1FD97FF8}
		{079F8A6F-03EA-487C-9DCC-272CC63661A2} = {60022AEB-09B4-4B1A-9192-97F1C63BBBEB}
		{D8AAFCA1-6A82-4005-AB16-86333C08F3BD} = {60022AEB-09B4-4B1A-9192-97F1C63BBBEB}
	EndGlobalSection
EndGlobal
